# This file is automatically @generated by Poetry 1.6.1 and should not be changed by hand.

[[package]]
name = "cloudpickle"
version = "2.2.1"
description = "Extended pickling support for Python objects"
optional = false
python-versions = ">=3.6"
files = [
    {file = "cloudpickle-2.2.1-py3-none-any.whl", hash = "sha256:61f594d1f4c295fa5cd9014ceb3a1fc4a70b0de1164b94fbc2d854ccba056f9f"},
    {file = "cloudpickle-2.2.1.tar.gz", hash = "sha256:d89684b8de9e34a2a43b3460fbca07d09d6e25ce858df4d5a44240403b6178f5"},
]

[[package]]
name = "doit"
version = "0.36.0"
description = "doit - Automation Tool"
optional = false
python-versions = ">=3.8"
files = [
    {file = "doit-0.36.0-py3-none-any.whl", hash = "sha256:ebc285f6666871b5300091c26eafdff3de968a6bd60ea35dd1e3fc6f2e32479a"},
    {file = "doit-0.36.0.tar.gz", hash = "sha256:71d07ccc9514cb22fe59d98999577665eaab57e16f644d04336ae0b4bae234bc"},
]

[package.dependencies]
cloudpickle = "*"
importlib-metadata = ">=4.4"

[package.extras]
toml = ["tomli"]

[[package]]
name = "importlib-metadata"
version = "6.8.0"
description = "Read metadata from Python packages"
optional = false
python-versions = ">=3.8"
files = [
    {file = "importlib_metadata-6.8.0-py3-none-any.whl", hash = "sha256:3ebb78df84a805d7698245025b975d9d67053cd94c79245ba4b3eb694abe68bb"},
    {file = "importlib_metadata-6.8.0.tar.gz", hash = "sha256:dbace7892d8c0c4ac1ad096662232f831d4e64f4c4545bd53016a3e9d4654743"},
]

[package.dependencies]
zipp = ">=0.5"

[package.extras]
docs = ["furo", "jaraco.packaging (>=9)", "jaraco.tidelift (>=1.4)", "rst.linker (>=1.9)", "sphinx (>=3.5)", "sphinx-lint"]
perf = ["ipython"]
testing = ["flufl.flake8", "importlib-resources (>=1.3)", "packaging", "pyfakefs", "pytest (>=6)", "pytest-black (>=0.3.7)", "pytest-checkdocs (>=2.4)", "pytest-cov", "pytest-enabler (>=2.2)", "pytest-mypy (>=0.9.1)", "pytest-perf (>=0.9.2)", "pytest-ruff"]

[[package]]
name = "jupyter-core"
version = "5.3.2"
description = "Jupyter core package. A base package on which Jupyter projects rely."
optional = false
python-versions = ">=3.8"
files = [
    {file = "jupyter_core-5.3.2-py3-none-any.whl", hash = "sha256:a4af53c3fa3f6330cebb0d9f658e148725d15652811d1c32dc0f63bb96f2e6d6"},
    {file = "jupyter_core-5.3.2.tar.gz", hash = "sha256:0c28db6cbe2c37b5b398e1a1a5b22f84fd64cd10afc1f6c05b02fb09481ba45f"},
]

[package.dependencies]
platformdirs = ">=2.5"
pywin32 = {version = ">=300", markers = "sys_platform == \"win32\" and platform_python_implementation != \"PyPy\""}
traitlets = ">=5.3"

[package.extras]
docs = ["myst-parser", "sphinx-autodoc-typehints", "sphinxcontrib-github-alt", "sphinxcontrib-spelling", "traitlets"]
test = ["ipykernel", "pre-commit", "pytest", "pytest-cov", "pytest-timeout"]

[[package]]
name = "jupyterlab-open-url-parameter"
version = "0.1.0"
description = "JupyterLab extension to open files passed via a URL parameter"
optional = false
python-versions = ">=3.7"
files = [
    {file = "jupyterlab_open_url_parameter-0.1.0-py3-none-any.whl", hash = "sha256:07ec58e68e865896624bba445473796461820ec0165a06fb926e1e8e84a89fc4"},
    {file = "jupyterlab_open_url_parameter-0.1.0.tar.gz", hash = "sha256:81512b9cf893cdb67873d12a1063a58129d5f9ac0e1d67e0c26f1af68f39784d"},
]

[[package]]
name = "jupyterlite-core"
version = "0.1.2"
description = ""
optional = false
python-versions = ">=3.8"
files = [
    {file = "jupyterlite_core-0.1.2-py3-none-any.whl", hash = "sha256:87e257813aba80ea45199c68fb8dbd6f9f252163c738f9be7954ca54236fd9fa"},
    {file = "jupyterlite_core-0.1.2.tar.gz", hash = "sha256:ec5ef69080cd868425b683da5295e9af1fbc484f6e43b39ea8c81ea4c91d25fc"},
]

[package.dependencies]
doit = ">=0.34,<1"
jupyter-core = ">=4.7"

[package.extras]
all = ["jsonschema (>=3)", "jupyter-server", "jupyter-server-mathjax (>=0.2.3)", "jupyterlab (>=3.5.3,<3.6)", "jupyterlab-server (>=2.8.1,<3)", "libarchive-c (>=4.0)", "pkginfo", "tornado (>=6.1)"]
check = ["jsonschema[format-nongpl] (>=3)"]
contents = ["jupyter-server"]
lab = ["jupyterlab (>=3.5.3,<3.6)"]
libarchive = ["libarchive-c (>=4.0)"]
mathjax = ["jupyter-server-mathjax (>=0.2.3)"]
serve = ["tornado (>=6.1)"]
test = ["ansi2html", "diffoscope", "pytest-console-scripts", "pytest-cov", "pytest-html", "pytest-xdist"]
translation = ["jupyterlab-server (>=2.8.1,<3)"]

[[package]]
name = "jupyterlite-pyodide-kernel"
version = "0.1.3"
description = "Python kernel for JupyterLite powered by Pyodide"
optional = false
python-versions = ">=3.8"
files = [
    {file = "jupyterlite_pyodide_kernel-0.1.3-py3-none-any.whl", hash = "sha256:302f9052f61097118fdbbd252b447fe3394652db007b8f99965a2bae9561d0d4"},
    {file = "jupyterlite_pyodide_kernel-0.1.3.tar.gz", hash = "sha256:97f429ade60aab1b72ff47c435fe517d010bfc210811e2a8f00118cb73714062"},
]

[package.dependencies]
jupyterlite-core = ">=0.1.0b22,<0.2.0"
pkginfo = "*"

[package.extras]
dev = ["build", "hatch", "jupyterlab (>=3.5.3,<3.6)"]
docs = ["ipywidgets (>=8.0,<9)", "jupyter-server-mathjax", "jupyterlab-language-pack-fr-fr", "jupyterlab-language-pack-zh-cn", "libarchive-c", "myst-parser", "pydata-sphinx-theme", "sphinx-copybutton"]
lint = ["black", "ruff"]
test = ["pytest", "pytest-console-scripts", "pytest-cov", "pytest-html"]

[[package]]
name = "pkginfo"
version = "1.9.6"
description = "Query metadata from sdists / bdists / installed packages."
optional = false
python-versions = ">=3.6"
files = [
    {file = "pkginfo-1.9.6-py3-none-any.whl", hash = "sha256:4b7a555a6d5a22169fcc9cf7bfd78d296b0361adad412a346c1226849af5e546"},
    {file = "pkginfo-1.9.6.tar.gz", hash = "sha256:8fd5896e8718a4372f0ea9cc9d96f6417c9b986e23a4d116dda26b62cc29d046"},
]

[package.extras]
testing = ["pytest", "pytest-cov"]

[[package]]
name = "platformdirs"
version = "3.10.0"
description = "A small Python package for determining appropriate platform-specific dirs, e.g. a \"user data dir\"."
optional = false
python-versions = ">=3.7"
files = [
    {file = "platformdirs-3.10.0-py3-none-any.whl", hash = "sha256:d7c24979f292f916dc9cbf8648319032f551ea8c49a4c9bf2fb556a02070ec1d"},
    {file = "platformdirs-3.10.0.tar.gz", hash = "sha256:b45696dab2d7cc691a3226759c0d3b00c47c8b6e293d96f6436f733303f77f6d"},
]

[package.extras]
docs = ["furo (>=2023.7.26)", "proselint (>=0.13)", "sphinx (>=7.1.1)", "sphinx-autodoc-typehints (>=1.24)"]
test = ["appdirs (==1.4.4)", "covdefaults (>=2.3)", "pytest (>=7.4)", "pytest-cov (>=4.1)", "pytest-mock (>=3.11.1)"]

[[package]]
name = "pywin32"
version = "306"
description = "Python for Window Extensions"
optional = false
python-versions = "*"
files = [
    {file = "pywin32-306-cp310-cp310-win32.whl", hash = "sha256:06d3420a5155ba65f0b72f2699b5bacf3109f36acbe8923765c22938a69dfc8d"},
    {file = "pywin32-306-cp310-cp310-win_amd64.whl", hash = "sha256:84f4471dbca1887ea3803d8848a1616429ac94a4a8d05f4bc9c5dcfd42ca99c8"},
    {file = "pywin32-306-cp311-cp311-win32.whl", hash = "sha256:e65028133d15b64d2ed8f06dd9fbc268352478d4f9289e69c190ecd6818b6407"},
    {file = "pywin32-306-cp311-cp311-win_amd64.whl", hash = "sha256:a7639f51c184c0272e93f244eb24dafca9b1855707d94c192d4a0b4c01e1100e"},
    {file = "pywin32-306-cp311-cp311-win_arm64.whl", hash = "sha256:70dba0c913d19f942a2db25217d9a1b726c278f483a919f1abfed79c9cf64d3a"},
    {file = "pywin32-306-cp312-cp312-win32.whl", hash = "sha256:383229d515657f4e3ed1343da8be101000562bf514591ff383ae940cad65458b"},
    {file = "pywin32-306-cp312-cp312-win_amd64.whl", hash = "sha256:37257794c1ad39ee9be652da0462dc2e394c8159dfd913a8a4e8eb6fd346da0e"},
    {file = "pywin32-306-cp312-cp312-win_arm64.whl", hash = "sha256:5821ec52f6d321aa59e2db7e0a35b997de60c201943557d108af9d4ae1ec7040"},
    {file = "pywin32-306-cp37-cp37m-win32.whl", hash = "sha256:1c73ea9a0d2283d889001998059f5eaaba3b6238f767c9cf2833b13e6a685f65"},
    {file = "pywin32-306-cp37-cp37m-win_amd64.whl", hash = "sha256:72c5f621542d7bdd4fdb716227be0dd3f8565c11b280be6315b06ace35487d36"},
    {file = "pywin32-306-cp38-cp38-win32.whl", hash = "sha256:e4c092e2589b5cf0d365849e73e02c391c1349958c5ac3e9d5ccb9a28e017b3a"},
    {file = "pywin32-306-cp38-cp38-win_amd64.whl", hash = "sha256:e8ac1ae3601bee6ca9f7cb4b5363bf1c0badb935ef243c4733ff9a393b1690c0"},
    {file = "pywin32-306-cp39-cp39-win32.whl", hash = "sha256:e25fd5b485b55ac9c057f67d94bc203f3f6595078d1fb3b458c9c28b7153a802"},
    {file = "pywin32-306-cp39-cp39-win_amd64.whl", hash = "sha256:39b61c15272833b5c329a2989999dcae836b1eed650252ab1b7bfbe1d59f30f4"},
]

[[package]]
name = "traitlets"
version = "5.10.1"
description = "Traitlets Python configuration system"
optional = false
python-versions = ">=3.8"
files = [
    {file = "traitlets-5.10.1-py3-none-any.whl", hash = "sha256:07ab9c5bf8a0499fd7b088ba51be899c90ffc936ffc797d7b6907fc516bcd116"},
    {file = "traitlets-5.10.1.tar.gz", hash = "sha256:db9c4aa58139c3ba850101913915c042bdba86f7c8a0dda1c6f7f92c5da8e542"},
]

[package.extras]
docs = ["myst-parser", "pydata-sphinx-theme", "sphinx"]
test = ["argcomplete (>=3.0.3)", "mypy (>=1.5.1)", "pre-commit", "pytest (>=7.0,<7.5)", "pytest-mock", "pytest-mypy-testing"]

[[package]]
name = "zipp"
version = "3.17.0"
description = "Backport of pathlib-compatible object wrapper for zip files"
optional = false
python-versions = ">=3.8"
files = [
    {file = "zipp-3.17.0-py3-none-any.whl", hash = "sha256:0e923e726174922dce09c53c59ad483ff7bbb8e572e00c7f7c46b88556409f31"},
    {file = "zipp-3.17.0.tar.gz", hash = "sha256:84e64a1c28cf7e91ed2078bb8cc8c259cb19b76942096c8d7b84947690cabaf0"},
]

[package.extras]
docs = ["furo", "jaraco.packaging (>=9.3)", "jaraco.tidelift (>=1.4)", "rst.linker (>=1.9)", "sphinx (<7.2.5)", "sphinx (>=3.5)", "sphinx-lint"]
testing = ["big-O", "jaraco.functools", "jaraco.itertools", "more-itertools", "pytest (>=6)", "pytest-black (>=0.3.7)", "pytest-checkdocs (>=2.4)", "pytest-cov", "pytest-enabler (>=2.2)", "pytest-ignore-flaky", "pytest-mypy (>=0.9.1)", "pytest-ruff"]

[metadata]
lock-version = "2.0"
python-versions = "^3.11"
content-hash = "748218443140af6711f09bc89cf242b97f752c5d77173a7630acdfbc73014922"
